
Microsoft Visual Studio Solution File, Format Version 12.00
# Visual Studio Version 17
Project("{8BC9CEB8-8B4A-11D0-8D11-00A0C91BC942}") = "ALL_BUILD", "ALL_BUILD.vcxproj", "{9E7FD70E-B86D-3DBB-AC64-6A7F2561DECB}"
	ProjectSection(ProjectDependencies) = postProject
		{4C3A4301-E5A4-3B92-A4AD-B13132A0FC0B} = {4C3A4301-E5A4-3B92-A4AD-B13132A0FC0B}
		{A8323750-472E-3B02-BAA1-BDE6944FF0F4} = {A8323750-472E-3B02-BAA1-BDE6944FF0F4}
		{5A7DFEF5-C241-32A2-AF14-D98977A8BAD4} = {5A7DFEF5-C241-32A2-AF14-D98977A8BAD4}
		{2390C4BE-397E-316E-9A4B-2F9873A5BE87} = {2390C4BE-397E-316E-9A4B-2F9873A5BE87}
		{CEB89D15-A1B5-3D11-B006-F0F0DA219CE4} = {CEB89D15-A1B5-3D11-B006-F0F0DA219CE4}
		{C4CC176A-DC2F-3ECF-8D6F-8C6BCFBFD110} = {C4CC176A-DC2F-3ECF-8D6F-8C6BCFBFD110}
		{92209C30-A5A3-3D14-9BFF-F0A511042367} = {92209C30-A5A3-3D14-9BFF-F0A511042367}
		{21B24597-FA28-3D21-A93F-2476D4E679D4} = {21B24597-FA28-3D21-A93F-2476D4E679D4}
		{37284125-0618-35A7-995E-EFB775BF26C1} = {37284125-0618-35A7-995E-EFB775BF26C1}
		{EB70EEB0-A230-3053-AA5C-8C544E15C745} = {EB70EEB0-A230-3053-AA5C-8C544E15C745}
		{60E01C48-1C6A-37E5-90A7-BCFE5D2EBE56} = {60E01C48-1C6A-37E5-90A7-BCFE5D2EBE56}
		{0B9FC514-1EA1-31B2-8B61-A648FA6C35A6} = {0B9FC514-1EA1-31B2-8B61-A648FA6C35A6}
		{11E82734-0D7B-3A01-A64F-90C178E289E6} = {11E82734-0D7B-3A01-A64F-90C178E289E6}
		{E574DEC8-5E63-3689-B71F-F36A53C0E482} = {E574DEC8-5E63-3689-B71F-F36A53C0E482}
		{94B0AF87-C447-3134-B178-349EA2B66D92} = {94B0AF87-C447-3134-B178-349EA2B66D92}
		{323AE9AC-6A30-32BC-8E2E-F452D357551C} = {323AE9AC-6A30-32BC-8E2E-F452D357551C}
		{CCFAA800-C224-3587-8137-92B8464C8525} = {CCFAA800-C224-3587-8137-92B8464C8525}
		{B7E6C68E-0B15-30F1-89FB-0779007A31F8} = {B7E6C68E-0B15-30F1-89FB-0779007A31F8}
		{47E4F767-0186-3E84-AE1D-29D6E10B94F9} = {47E4F767-0186-3E84-AE1D-29D6E10B94F9}
		{82A9B006-3C1E-3084-BE65-4F5D772071FA} = {82A9B006-3C1E-3084-BE65-4F5D772071FA}
		{2239E06E-C8A2-3050-9FF5-C3F7DC454505} = {2239E06E-C8A2-3050-9FF5-C3F7DC454505}
		{7A58E23A-A265-38CC-9244-CA088140D9AA} = {7A58E23A-A265-38CC-9244-CA088140D9AA}
		{20E93AC0-7A34-3272-8BEF-D9C43B6A309A} = {20E93AC0-7A34-3272-8BEF-D9C43B6A309A}
		{A0034038-D4DB-3681-A74A-11EF4CD5C2D0} = {A0034038-D4DB-3681-A74A-11EF4CD5C2D0}
		{079864B8-0A1B-3DEE-86AF-1ADD569FCF27} = {079864B8-0A1B-3DEE-86AF-1ADD569FCF27}
	EndProjectSection
EndProject
Project("{8BC9CEB8-8B4A-11D0-8D11-00A0C91BC942}") = "TSSAntiAliasing", "TSSAntiAliasing.vcxproj", "{4C3A4301-E5A4-3B92-A4AD-B13132A0FC0B}"
	ProjectSection(ProjectDependencies) = postProject
		{82A9B006-3C1E-3084-BE65-4F5D772071FA} = {82A9B006-3C1E-3084-BE65-4F5D772071FA}
	EndProjectSection
EndProject
Project("{8BC9CEB8-8B4A-11D0-8D11-00A0C91BC942}") = "TSSCollision3D", "TSSCollision3D.vcxproj", "{A8323750-472E-3B02-BAA1-BDE6944FF0F4}"
	ProjectSection(ProjectDependencies) = postProject
		{82A9B006-3C1E-3084-BE65-4F5D772071FA} = {82A9B006-3C1E-3084-BE65-4F5D772071FA}
	EndProjectSection
EndProject
Project("{8BC9CEB8-8B4A-11D0-8D11-00A0C91BC942}") = "TSSFSR2Wrapper", "TSSFSR2Wrapper.vcxproj", "{5A7DFEF5-C241-32A2-AF14-D98977A8BAD4}"
	ProjectSection(ProjectDependencies) = postProject
		{82A9B006-3C1E-3084-BE65-4F5D772071FA} = {82A9B006-3C1E-3084-BE65-4F5D772071FA}
	EndProjectSection
EndProject
Project("{8BC9CEB8-8B4A-11D0-8D11-00A0C91BC942}") = "TSSGLMWrapper", "TSSGLMWrapper.vcxproj", "{2390C4BE-397E-316E-9A4B-2F9873A5BE87}"
	ProjectSection(ProjectDependencies) = postProject
		{82A9B006-3C1E-3084-BE65-4F5D772071FA} = {82A9B006-3C1E-3084-BE65-4F5D772071FA}
	EndProjectSection
EndProject
Project("{8BC9CEB8-8B4A-11D0-8D11-00A0C91BC942}") = "TSSHybridDLL", "TSSHybridDLL.vcxproj", "{CEB89D15-A1B5-3D11-B006-F0F0DA219CE4}"
	ProjectSection(ProjectDependencies) = postProject
		{323AE9AC-6A30-32BC-8E2E-F452D357551C} = {323AE9AC-6A30-32BC-8E2E-F452D357551C}
		{82A9B006-3C1E-3084-BE65-4F5D772071FA} = {82A9B006-3C1E-3084-BE65-4F5D772071FA}
	EndProjectSection
EndProject
Project("{8BC9CEB8-8B4A-11D0-8D11-00A0C91BC942}") = "TSSInputLatency", "TSSInputLatency.vcxproj", "{C4CC176A-DC2F-3ECF-8D6F-8C6BCFBFD110}"
	ProjectSection(ProjectDependencies) = postProject
		{82A9B006-3C1E-3084-BE65-4F5D772071FA} = {82A9B006-3C1E-3084-BE65-4F5D772071FA}
	EndProjectSection
EndProject
Project("{8BC9CEB8-8B4A-11D0-8D11-00A0C91BC942}") = "TSSJitter", "TSSJitter.vcxproj", "{92209C30-A5A3-3D14-9BFF-F0A511042367}"
	ProjectSection(ProjectDependencies) = postProject
		{82A9B006-3C1E-3084-BE65-4F5D772071FA} = {82A9B006-3C1E-3084-BE65-4F5D772071FA}
	EndProjectSection
EndProject
Project("{8BC9CEB8-8B4A-11D0-8D11-00A0C91BC942}") = "TSSLowLatency", "TSSLowLatency.vcxproj", "{21B24597-FA28-3D21-A93F-2476D4E679D4}"
	ProjectSection(ProjectDependencies) = postProject
		{82A9B006-3C1E-3084-BE65-4F5D772071FA} = {82A9B006-3C1E-3084-BE65-4F5D772071FA}
	EndProjectSection
EndProject
Project("{8BC9CEB8-8B4A-11D0-8D11-00A0C91BC942}") = "TSSMetrics", "TSSMetrics.vcxproj", "{37284125-0618-35A7-995E-EFB775BF26C1}"
	ProjectSection(ProjectDependencies) = postProject
		{82A9B006-3C1E-3084-BE65-4F5D772071FA} = {82A9B006-3C1E-3084-BE65-4F5D772071FA}
	EndProjectSection
EndProject
Project("{8BC9CEB8-8B4A-11D0-8D11-00A0C91BC942}") = "TSSMotionVectors", "TSSMotionVectors.vcxproj", "{EB70EEB0-A230-3053-AA5C-8C544E15C745}"
	ProjectSection(ProjectDependencies) = postProject
		{82A9B006-3C1E-3084-BE65-4F5D772071FA} = {82A9B006-3C1E-3084-BE65-4F5D772071FA}
	EndProjectSection
EndProject
Project("{8BC9CEB8-8B4A-11D0-8D11-00A0C91BC942}") = "TSSPerfectInterpolation", "TSSPerfectInterpolation.vcxproj", "{60E01C48-1C6A-37E5-90A7-BCFE5D2EBE56}"
	ProjectSection(ProjectDependencies) = postProject
		{82A9B006-3C1E-3084-BE65-4F5D772071FA} = {82A9B006-3C1E-3084-BE65-4F5D772071FA}
	EndProjectSection
EndProject
Project("{8BC9CEB8-8B4A-11D0-8D11-00A0C91BC942}") = "TSSRCASDX12", "TSSRCASDX12.vcxproj", "{0B9FC514-1EA1-31B2-8B61-A648FA6C35A6}"
	ProjectSection(ProjectDependencies) = postProject
		{82A9B006-3C1E-3084-BE65-4F5D772071FA} = {82A9B006-3C1E-3084-BE65-4F5D772071FA}
	EndProjectSection
EndProject
Project("{8BC9CEB8-8B4A-11D0-8D11-00A0C91BC942}") = "TSSSIMDInterpolation", "TSSSIMDInterpolation.vcxproj", "{11E82734-0D7B-3A01-A64F-90C178E289E6}"
	ProjectSection(ProjectDependencies) = postProject
		{82A9B006-3C1E-3084-BE65-4F5D772071FA} = {82A9B006-3C1E-3084-BE65-4F5D772071FA}
	EndProjectSection
EndProject
Project("{8BC9CEB8-8B4A-11D0-8D11-00A0C91BC942}") = "TSSSOAEntities", "TSSSOAEntities.vcxproj", "{E574DEC8-5E63-3689-B71F-F36A53C0E482}"
	ProjectSection(ProjectDependencies) = postProject
		{82A9B006-3C1E-3084-BE65-4F5D772071FA} = {82A9B006-3C1E-3084-BE65-4F5D772071FA}
	EndProjectSection
EndProject
Project("{8BC9CEB8-8B4A-11D0-8D11-00A0C91BC942}") = "TSSSmartDLL", "TSSSmartDLL.vcxproj", "{94B0AF87-C447-3134-B178-349EA2B66D92}"
	ProjectSection(ProjectDependencies) = postProject
		{2390C4BE-397E-316E-9A4B-2F9873A5BE87} = {2390C4BE-397E-316E-9A4B-2F9873A5BE87}
		{323AE9AC-6A30-32BC-8E2E-F452D357551C} = {323AE9AC-6A30-32BC-8E2E-F452D357551C}
		{82A9B006-3C1E-3084-BE65-4F5D772071FA} = {82A9B006-3C1E-3084-BE65-4F5D772071FA}
	EndProjectSection
EndProject
Project("{8BC9CEB8-8B4A-11D0-8D11-00A0C91BC942}") = "TSSSmartTSS", "TSSSmartTSS.vcxproj", "{323AE9AC-6A30-32BC-8E2E-F452D357551C}"
	ProjectSection(ProjectDependencies) = postProject
		{82A9B006-3C1E-3084-BE65-4F5D772071FA} = {82A9B006-3C1E-3084-BE65-4F5D772071FA}
	EndProjectSection
EndProject
Project("{8BC9CEB8-8B4A-11D0-8D11-00A0C91BC942}") = "TSSTemporalReconstruct", "TSSTemporalReconstruct.vcxproj", "{CCFAA800-C224-3587-8137-92B8464C8525}"
	ProjectSection(ProjectDependencies) = postProject
		{82A9B006-3C1E-3084-BE65-4F5D772071FA} = {82A9B006-3C1E-3084-BE65-4F5D772071FA}
	EndProjectSection
EndProject
Project("{8BC9CEB8-8B4A-11D0-8D11-00A0C91BC942}") = "TSSTransform3D", "TSSTransform3D.vcxproj", "{B7E6C68E-0B15-30F1-89FB-0779007A31F8}"
	ProjectSection(ProjectDependencies) = postProject
		{82A9B006-3C1E-3084-BE65-4F5D772071FA} = {82A9B006-3C1E-3084-BE65-4F5D772071FA}
	EndProjectSection
EndProject
Project("{8BC9CEB8-8B4A-11D0-8D11-00A0C91BC942}") = "TSSVarianceClipping", "TSSVarianceClipping.vcxproj", "{47E4F767-0186-3E84-AE1D-29D6E10B94F9}"
	ProjectSection(ProjectDependencies) = postProject
		{82A9B006-3C1E-3084-BE65-4F5D772071FA} = {82A9B006-3C1E-3084-BE65-4F5D772071FA}
	EndProjectSection
EndProject
Project("{8BC9CEB8-8B4A-11D0-8D11-00A0C91BC942}") = "ZERO_CHECK", "ZERO_CHECK.vcxproj", "{82A9B006-3C1E-3084-BE65-4F5D772071FA}"
	ProjectSection(ProjectDependencies) = postProject
	EndProjectSection
EndProject
Project("{8BC9CEB8-8B4A-11D0-8D11-00A0C91BC942}") = "demo_3d", "demo_3d.vcxproj", "{2239E06E-C8A2-3050-9FF5-C3F7DC454505}"
	ProjectSection(ProjectDependencies) = postProject
		{B7E6C68E-0B15-30F1-89FB-0779007A31F8} = {B7E6C68E-0B15-30F1-89FB-0779007A31F8}
		{82A9B006-3C1E-3084-BE65-4F5D772071FA} = {82A9B006-3C1E-3084-BE65-4F5D772071FA}
	EndProjectSection
EndProject
Project("{8BC9CEB8-8B4A-11D0-8D11-00A0C91BC942}") = "demo_latency", "demo_latency.vcxproj", "{7A58E23A-A265-38CC-9244-CA088140D9AA}"
	ProjectSection(ProjectDependencies) = postProject
		{C4CC176A-DC2F-3ECF-8D6F-8C6BCFBFD110} = {C4CC176A-DC2F-3ECF-8D6F-8C6BCFBFD110}
		{21B24597-FA28-3D21-A93F-2476D4E679D4} = {21B24597-FA28-3D21-A93F-2476D4E679D4}
		{B7E6C68E-0B15-30F1-89FB-0779007A31F8} = {B7E6C68E-0B15-30F1-89FB-0779007A31F8}
		{82A9B006-3C1E-3084-BE65-4F5D772071FA} = {82A9B006-3C1E-3084-BE65-4F5D772071FA}
	EndProjectSection
EndProject
Project("{8BC9CEB8-8B4A-11D0-8D11-00A0C91BC942}") = "demo_metrics", "demo_metrics.vcxproj", "{20E93AC0-7A34-3272-8BEF-D9C43B6A309A}"
	ProjectSection(ProjectDependencies) = postProject
		{4C3A4301-E5A4-3B92-A4AD-B13132A0FC0B} = {4C3A4301-E5A4-3B92-A4AD-B13132A0FC0B}
		{37284125-0618-35A7-995E-EFB775BF26C1} = {37284125-0618-35A7-995E-EFB775BF26C1}
		{B7E6C68E-0B15-30F1-89FB-0779007A31F8} = {B7E6C68E-0B15-30F1-89FB-0779007A31F8}
		{82A9B006-3C1E-3084-BE65-4F5D772071FA} = {82A9B006-3C1E-3084-BE65-4F5D772071FA}
	EndProjectSection
EndProject
Project("{8BC9CEB8-8B4A-11D0-8D11-00A0C91BC942}") = "demo_perfect", "demo_perfect.vcxproj", "{A0034038-D4DB-3681-A74A-11EF4CD5C2D0}"
	ProjectSection(ProjectDependencies) = postProject
		{60E01C48-1C6A-37E5-90A7-BCFE5D2EBE56} = {60E01C48-1C6A-37E5-90A7-BCFE5D2EBE56}
		{82A9B006-3C1E-3084-BE65-4F5D772071FA} = {82A9B006-3C1E-3084-BE65-4F5D772071FA}
	EndProjectSection
EndProject
Project("{8BC9CEB8-8B4A-11D0-8D11-00A0C91BC942}") = "demo_velocity", "demo_velocity.vcxproj", "{079864B8-0A1B-3DEE-86AF-1ADD569FCF27}"
	ProjectSection(ProjectDependencies) = postProject
		{60E01C48-1C6A-37E5-90A7-BCFE5D2EBE56} = {60E01C48-1C6A-37E5-90A7-BCFE5D2EBE56}
		{82A9B006-3C1E-3084-BE65-4F5D772071FA} = {82A9B006-3C1E-3084-BE65-4F5D772071FA}
	EndProjectSection
EndProject
Global
	GlobalSection(SolutionConfigurationPlatforms) = preSolution
		Debug|x64 = Debug|x64
		Release|x64 = Release|x64
		MinSizeRel|x64 = MinSizeRel|x64
		RelWithDebInfo|x64 = RelWithDebInfo|x64
	EndGlobalSection
	GlobalSection(ProjectConfigurationPlatforms) = postSolution
		{9E7FD70E-B86D-3DBB-AC64-6A7F2561DECB}.Debug|x64.ActiveCfg = Debug|x64
		{9E7FD70E-B86D-3DBB-AC64-6A7F2561DECB}.Release|x64.ActiveCfg = Release|x64
		{9E7FD70E-B86D-3DBB-AC64-6A7F2561DECB}.MinSizeRel|x64.ActiveCfg = MinSizeRel|x64
		{9E7FD70E-B86D-3DBB-AC64-6A7F2561DECB}.RelWithDebInfo|x64.ActiveCfg = RelWithDebInfo|x64
		{4C3A4301-E5A4-3B92-A4AD-B13132A0FC0B}.Debug|x64.ActiveCfg = Debug|x64
		{4C3A4301-E5A4-3B92-A4AD-B13132A0FC0B}.Debug|x64.Build.0 = Debug|x64
		{4C3A4301-E5A4-3B92-A4AD-B13132A0FC0B}.Release|x64.ActiveCfg = Release|x64
		{4C3A4301-E5A4-3B92-A4AD-B13132A0FC0B}.Release|x64.Build.0 = Release|x64
		{4C3A4301-E5A4-3B92-A4AD-B13132A0FC0B}.MinSizeRel|x64.ActiveCfg = MinSizeRel|x64
		{4C3A4301-E5A4-3B92-A4AD-B13132A0FC0B}.MinSizeRel|x64.Build.0 = MinSizeRel|x64
		{4C3A4301-E5A4-3B92-A4AD-B13132A0FC0B}.RelWithDebInfo|x64.ActiveCfg = RelWithDebInfo|x64
		{4C3A4301-E5A4-3B92-A4AD-B13132A0FC0B}.RelWithDebInfo|x64.Build.0 = RelWithDebInfo|x64
		{A8323750-472E-3B02-BAA1-BDE6944FF0F4}.Debug|x64.ActiveCfg = Debug|x64
		{A8323750-472E-3B02-BAA1-BDE6944FF0F4}.Debug|x64.Build.0 = Debug|x64
		{A8323750-472E-3B02-BAA1-BDE6944FF0F4}.Release|x64.ActiveCfg = Release|x64
		{A8323750-472E-3B02-BAA1-BDE6944FF0F4}.Release|x64.Build.0 = Release|x64
		{A8323750-472E-3B02-BAA1-BDE6944FF0F4}.MinSizeRel|x64.ActiveCfg = MinSizeRel|x64
		{A8323750-472E-3B02-BAA1-BDE6944FF0F4}.MinSizeRel|x64.Build.0 = MinSizeRel|x64
		{A8323750-472E-3B02-BAA1-BDE6944FF0F4}.RelWithDebInfo|x64.ActiveCfg = RelWithDebInfo|x64
		{A8323750-472E-3B02-BAA1-BDE6944FF0F4}.RelWithDebInfo|x64.Build.0 = RelWithDebInfo|x64
		{5A7DFEF5-C241-32A2-AF14-D98977A8BAD4}.Debug|x64.ActiveCfg = Debug|x64
		{5A7DFEF5-C241-32A2-AF14-D98977A8BAD4}.Debug|x64.Build.0 = Debug|x64
		{5A7DFEF5-C241-32A2-AF14-D98977A8BAD4}.Release|x64.ActiveCfg = Release|x64
		{5A7DFEF5-C241-32A2-AF14-D98977A8BAD4}.Release|x64.Build.0 = Release|x64
		{5A7DFEF5-C241-32A2-AF14-D98977A8BAD4}.MinSizeRel|x64.ActiveCfg = MinSizeRel|x64
		{5A7DFEF5-C241-32A2-AF14-D98977A8BAD4}.MinSizeRel|x64.Build.0 = MinSizeRel|x64
		{5A7DFEF5-C241-32A2-AF14-D98977A8BAD4}.RelWithDebInfo|x64.ActiveCfg = RelWithDebInfo|x64
		{5A7DFEF5-C241-32A2-AF14-D98977A8BAD4}.RelWithDebInfo|x64.Build.0 = RelWithDebInfo|x64
		{2390C4BE-397E-316E-9A4B-2F9873A5BE87}.Debug|x64.ActiveCfg = Debug|x64
		{2390C4BE-397E-316E-9A4B-2F9873A5BE87}.Debug|x64.Build.0 = Debug|x64
		{2390C4BE-397E-316E-9A4B-2F9873A5BE87}.Release|x64.ActiveCfg = Release|x64
		{2390C4BE-397E-316E-9A4B-2F9873A5BE87}.Release|x64.Build.0 = Release|x64
		{2390C4BE-397E-316E-9A4B-2F9873A5BE87}.MinSizeRel|x64.ActiveCfg = MinSizeRel|x64
		{2390C4BE-397E-316E-9A4B-2F9873A5BE87}.MinSizeRel|x64.Build.0 = MinSizeRel|x64
		{2390C4BE-397E-316E-9A4B-2F9873A5BE87}.RelWithDebInfo|x64.ActiveCfg = RelWithDebInfo|x64
		{2390C4BE-397E-316E-9A4B-2F9873A5BE87}.RelWithDebInfo|x64.Build.0 = RelWithDebInfo|x64
		{CEB89D15-A1B5-3D11-B006-F0F0DA219CE4}.Debug|x64.ActiveCfg = Debug|x64
		{CEB89D15-A1B5-3D11-B006-F0F0DA219CE4}.Debug|x64.Build.0 = Debug|x64
		{CEB89D15-A1B5-3D11-B006-F0F0DA219CE4}.Release|x64.ActiveCfg = Release|x64
		{CEB89D15-A1B5-3D11-B006-F0F0DA219CE4}.Release|x64.Build.0 = Release|x64
		{CEB89D15-A1B5-3D11-B006-F0F0DA219CE4}.MinSizeRel|x64.ActiveCfg = MinSizeRel|x64
		{CEB89D15-A1B5-3D11-B006-F0F0DA219CE4}.MinSizeRel|x64.Build.0 = MinSizeRel|x64
		{CEB89D15-A1B5-3D11-B006-F0F0DA219CE4}.RelWithDebInfo|x64.ActiveCfg = RelWithDebInfo|x64
		{CEB89D15-A1B5-3D11-B006-F0F0DA219CE4}.RelWithDebInfo|x64.Build.0 = RelWithDebInfo|x64
		{C4CC176A-DC2F-3ECF-8D6F-8C6BCFBFD110}.Debug|x64.ActiveCfg = Debug|x64
		{C4CC176A-DC2F-3ECF-8D6F-8C6BCFBFD110}.Debug|x64.Build.0 = Debug|x64
		{C4CC176A-DC2F-3ECF-8D6F-8C6BCFBFD110}.Release|x64.ActiveCfg = Release|x64
		{C4CC176A-DC2F-3ECF-8D6F-8C6BCFBFD110}.Release|x64.Build.0 = Release|x64
		{C4CC176A-DC2F-3ECF-8D6F-8C6BCFBFD110}.MinSizeRel|x64.ActiveCfg = MinSizeRel|x64
		{C4CC176A-DC2F-3ECF-8D6F-8C6BCFBFD110}.MinSizeRel|x64.Build.0 = MinSizeRel|x64
		{C4CC176A-DC2F-3ECF-8D6F-8C6BCFBFD110}.RelWithDebInfo|x64.ActiveCfg = RelWithDebInfo|x64
		{C4CC176A-DC2F-3ECF-8D6F-8C6BCFBFD110}.RelWithDebInfo|x64.Build.0 = RelWithDebInfo|x64
		{92209C30-A5A3-3D14-9BFF-F0A511042367}.Debug|x64.ActiveCfg = Debug|x64
		{92209C30-A5A3-3D14-9BFF-F0A511042367}.Debug|x64.Build.0 = Debug|x64
		{92209C30-A5A3-3D14-9BFF-F0A511042367}.Release|x64.ActiveCfg = Release|x64
		{92209C30-A5A3-3D14-9BFF-F0A511042367}.Release|x64.Build.0 = Release|x64
		{92209C30-A5A3-3D14-9BFF-F0A511042367}.MinSizeRel|x64.ActiveCfg = MinSizeRel|x64
		{92209C30-A5A3-3D14-9BFF-F0A511042367}.MinSizeRel|x64.Build.0 = MinSizeRel|x64
		{92209C30-A5A3-3D14-9BFF-F0A511042367}.RelWithDebInfo|x64.ActiveCfg = RelWithDebInfo|x64
		{92209C30-A5A3-3D14-9BFF-F0A511042367}.RelWithDebInfo|x64.Build.0 = RelWithDebInfo|x64
		{21B24597-FA28-3D21-A93F-2476D4E679D4}.Debug|x64.ActiveCfg = Debug|x64
		{21B24597-FA28-3D21-A93F-2476D4E679D4}.Debug|x64.Build.0 = Debug|x64
		{21B24597-FA28-3D21-A93F-2476D4E679D4}.Release|x64.ActiveCfg = Release|x64
		{21B24597-FA28-3D21-A93F-2476D4E679D4}.Release|x64.Build.0 = Release|x64
		{21B24597-FA28-3D21-A93F-2476D4E679D4}.MinSizeRel|x64.ActiveCfg = MinSizeRel|x64
		{21B24597-FA28-3D21-A93F-2476D4E679D4}.MinSizeRel|x64.Build.0 = MinSizeRel|x64
		{21B24597-FA28-3D21-A93F-2476D4E679D4}.RelWithDebInfo|x64.ActiveCfg = RelWithDebInfo|x64
		{21B24597-FA28-3D21-A93F-2476D4E679D4}.RelWithDebInfo|x64.Build.0 = RelWithDebInfo|x64
		{37284125-0618-35A7-995E-EFB775BF26C1}.Debug|x64.ActiveCfg = Debug|x64
		{37284125-0618-35A7-995E-EFB775BF26C1}.Debug|x64.Build.0 = Debug|x64
		{37284125-0618-35A7-995E-EFB775BF26C1}.Release|x64.ActiveCfg = Release|x64
		{37284125-0618-35A7-995E-EFB775BF26C1}.Release|x64.Build.0 = Release|x64
		{37284125-0618-35A7-995E-EFB775BF26C1}.MinSizeRel|x64.ActiveCfg = MinSizeRel|x64
		{37284125-0618-35A7-995E-EFB775BF26C1}.MinSizeRel|x64.Build.0 = MinSizeRel|x64
		{37284125-0618-35A7-995E-EFB775BF26C1}.RelWithDebInfo|x64.ActiveCfg = RelWithDebInfo|x64
		{37284125-0618-35A7-995E-EFB775BF26C1}.RelWithDebInfo|x64.Build.0 = RelWithDebInfo|x64
		{EB70EEB0-A230-3053-AA5C-8C544E15C745}.Debug|x64.ActiveCfg = Debug|x64
		{EB70EEB0-A230-3053-AA5C-8C544E15C745}.Debug|x64.Build.0 = Debug|x64
		{EB70EEB0-A230-3053-AA5C-8C544E15C745}.Release|x64.ActiveCfg = Release|x64
		{EB70EEB0-A230-3053-AA5C-8C544E15C745}.Release|x64.Build.0 = Release|x64
		{EB70EEB0-A230-3053-AA5C-8C544E15C745}.MinSizeRel|x64.ActiveCfg = MinSizeRel|x64
		{EB70EEB0-A230-3053-AA5C-8C544E15C745}.MinSizeRel|x64.Build.0 = MinSizeRel|x64
		{EB70EEB0-A230-3053-AA5C-8C544E15C745}.RelWithDebInfo|x64.ActiveCfg = RelWithDebInfo|x64
		{EB70EEB0-A230-3053-AA5C-8C544E15C745}.RelWithDebInfo|x64.Build.0 = RelWithDebInfo|x64
		{60E01C48-1C6A-37E5-90A7-BCFE5D2EBE56}.Debug|x64.ActiveCfg = Debug|x64
		{60E01C48-1C6A-37E5-90A7-BCFE5D2EBE56}.Debug|x64.Build.0 = Debug|x64
		{60E01C48-1C6A-37E5-90A7-BCFE5D2EBE56}.Release|x64.ActiveCfg = Release|x64
		{60E01C48-1C6A-37E5-90A7-BCFE5D2EBE56}.Release|x64.Build.0 = Release|x64
		{60E01C48-1C6A-37E5-90A7-BCFE5D2EBE56}.MinSizeRel|x64.ActiveCfg = MinSizeRel|x64
		{60E01C48-1C6A-37E5-90A7-BCFE5D2EBE56}.MinSizeRel|x64.Build.0 = MinSizeRel|x64
		{60E01C48-1C6A-37E5-90A7-BCFE5D2EBE56}.RelWithDebInfo|x64.ActiveCfg = RelWithDebInfo|x64
		{60E01C48-1C6A-37E5-90A7-BCFE5D2EBE56}.RelWithDebInfo|x64.Build.0 = RelWithDebInfo|x64
		{0B9FC514-1EA1-31B2-8B61-A648FA6C35A6}.Debug|x64.ActiveCfg = Debug|x64
		{0B9FC514-1EA1-31B2-8B61-A648FA6C35A6}.Debug|x64.Build.0 = Debug|x64
		{0B9FC514-1EA1-31B2-8B61-A648FA6C35A6}.Release|x64.ActiveCfg = Release|x64
		{0B9FC514-1EA1-31B2-8B61-A648FA6C35A6}.Release|x64.Build.0 = Release|x64
		{0B9FC514-1EA1-31B2-8B61-A648FA6C35A6}.MinSizeRel|x64.ActiveCfg = MinSizeRel|x64
		{0B9FC514-1EA1-31B2-8B61-A648FA6C35A6}.MinSizeRel|x64.Build.0 = MinSizeRel|x64
		{0B9FC514-1EA1-31B2-8B61-A648FA6C35A6}.RelWithDebInfo|x64.ActiveCfg = RelWithDebInfo|x64
		{0B9FC514-1EA1-31B2-8B61-A648FA6C35A6}.RelWithDebInfo|x64.Build.0 = RelWithDebInfo|x64
		{11E82734-0D7B-3A01-A64F-90C178E289E6}.Debug|x64.ActiveCfg = Debug|x64
		{11E82734-0D7B-3A01-A64F-90C178E289E6}.Debug|x64.Build.0 = Debug|x64
		{11E82734-0D7B-3A01-A64F-90C178E289E6}.Release|x64.ActiveCfg = Release|x64
		{11E82734-0D7B-3A01-A64F-90C178E289E6}.Release|x64.Build.0 = Release|x64
		{11E82734-0D7B-3A01-A64F-90C178E289E6}.MinSizeRel|x64.ActiveCfg = MinSizeRel|x64
		{11E82734-0D7B-3A01-A64F-90C178E289E6}.MinSizeRel|x64.Build.0 = MinSizeRel|x64
		{11E82734-0D7B-3A01-A64F-90C178E289E6}.RelWithDebInfo|x64.ActiveCfg = RelWithDebInfo|x64
		{11E82734-0D7B-3A01-A64F-90C178E289E6}.RelWithDebInfo|x64.Build.0 = RelWithDebInfo|x64
		{E574DEC8-5E63-3689-B71F-F36A53C0E482}.Debug|x64.ActiveCfg = Debug|x64
		{E574DEC8-5E63-3689-B71F-F36A53C0E482}.Debug|x64.Build.0 = Debug|x64
		{E574DEC8-5E63-3689-B71F-F36A53C0E482}.Release|x64.ActiveCfg = Release|x64
		{E574DEC8-5E63-3689-B71F-F36A53C0E482}.Release|x64.Build.0 = Release|x64
		{E574DEC8-5E63-3689-B71F-F36A53C0E482}.MinSizeRel|x64.ActiveCfg = MinSizeRel|x64
		{E574DEC8-5E63-3689-B71F-F36A53C0E482}.MinSizeRel|x64.Build.0 = MinSizeRel|x64
		{E574DEC8-5E63-3689-B71F-F36A53C0E482}.RelWithDebInfo|x64.ActiveCfg = RelWithDebInfo|x64
		{E574DEC8-5E63-3689-B71F-F36A53C0E482}.RelWithDebInfo|x64.Build.0 = RelWithDebInfo|x64
		{94B0AF87-C447-3134-B178-349EA2B66D92}.Debug|x64.ActiveCfg = Debug|x64
		{94B0AF87-C447-3134-B178-349EA2B66D92}.Debug|x64.Build.0 = Debug|x64
		{94B0AF87-C447-3134-B178-349EA2B66D92}.Release|x64.ActiveCfg = Release|x64
		{94B0AF87-C447-3134-B178-349EA2B66D92}.Release|x64.Build.0 = Release|x64
		{94B0AF87-C447-3134-B178-349EA2B66D92}.MinSizeRel|x64.ActiveCfg = MinSizeRel|x64
		{94B0AF87-C447-3134-B178-349EA2B66D92}.MinSizeRel|x64.Build.0 = MinSizeRel|x64
		{94B0AF87-C447-3134-B178-349EA2B66D92}.RelWithDebInfo|x64.ActiveCfg = RelWithDebInfo|x64
		{94B0AF87-C447-3134-B178-349EA2B66D92}.RelWithDebInfo|x64.Build.0 = RelWithDebInfo|x64
		{323AE9AC-6A30-32BC-8E2E-F452D357551C}.Debug|x64.ActiveCfg = Debug|x64
		{323AE9AC-6A30-32BC-8E2E-F452D357551C}.Debug|x64.Build.0 = Debug|x64
		{323AE9AC-6A30-32BC-8E2E-F452D357551C}.Release|x64.ActiveCfg = Release|x64
		{323AE9AC-6A30-32BC-8E2E-F452D357551C}.Release|x64.Build.0 = Release|x64
		{323AE9AC-6A30-32BC-8E2E-F452D357551C}.MinSizeRel|x64.ActiveCfg = MinSizeRel|x64
		{323AE9AC-6A30-32BC-8E2E-F452D357551C}.MinSizeRel|x64.Build.0 = MinSizeRel|x64
		{323AE9AC-6A30-32BC-8E2E-F452D357551C}.RelWithDebInfo|x64.ActiveCfg = RelWithDebInfo|x64
		{323AE9AC-6A30-32BC-8E2E-F452D357551C}.RelWithDebInfo|x64.Build.0 = RelWithDebInfo|x64
		{CCFAA800-C224-3587-8137-92B8464C8525}.Debug|x64.ActiveCfg = Debug|x64
		{CCFAA800-C224-3587-8137-92B8464C8525}.Debug|x64.Build.0 = Debug|x64
		{CCFAA800-C224-3587-8137-92B8464C8525}.Release|x64.ActiveCfg = Release|x64
		{CCFAA800-C224-3587-8137-92B8464C8525}.Release|x64.Build.0 = Release|x64
		{CCFAA800-C224-3587-8137-92B8464C8525}.MinSizeRel|x64.ActiveCfg = MinSizeRel|x64
		{CCFAA800-C224-3587-8137-92B8464C8525}.MinSizeRel|x64.Build.0 = MinSizeRel|x64
		{CCFAA800-C224-3587-8137-92B8464C8525}.RelWithDebInfo|x64.ActiveCfg = RelWithDebInfo|x64
		{CCFAA800-C224-3587-8137-92B8464C8525}.RelWithDebInfo|x64.Build.0 = RelWithDebInfo|x64
		{B7E6C68E-0B15-30F1-89FB-0779007A31F8}.Debug|x64.ActiveCfg = Debug|x64
		{B7E6C68E-0B15-30F1-89FB-0779007A31F8}.Debug|x64.Build.0 = Debug|x64
		{B7E6C68E-0B15-30F1-89FB-0779007A31F8}.Release|x64.ActiveCfg = Release|x64
		{B7E6C68E-0B15-30F1-89FB-0779007A31F8}.Release|x64.Build.0 = Release|x64
		{B7E6C68E-0B15-30F1-89FB-0779007A31F8}.MinSizeRel|x64.ActiveCfg = MinSizeRel|x64
		{B7E6C68E-0B15-30F1-89FB-0779007A31F8}.MinSizeRel|x64.Build.0 = MinSizeRel|x64
		{B7E6C68E-0B15-30F1-89FB-0779007A31F8}.RelWithDebInfo|x64.ActiveCfg = RelWithDebInfo|x64
		{B7E6C68E-0B15-30F1-89FB-0779007A31F8}.RelWithDebInfo|x64.Build.0 = RelWithDebInfo|x64
		{47E4F767-0186-3E84-AE1D-29D6E10B94F9}.Debug|x64.ActiveCfg = Debug|x64
		{47E4F767-0186-3E84-AE1D-29D6E10B94F9}.Debug|x64.Build.0 = Debug|x64
		{47E4F767-0186-3E84-AE1D-29D6E10B94F9}.Release|x64.ActiveCfg = Release|x64
		{47E4F767-0186-3E84-AE1D-29D6E10B94F9}.Release|x64.Build.0 = Release|x64
		{47E4F767-0186-3E84-AE1D-29D6E10B94F9}.MinSizeRel|x64.ActiveCfg = MinSizeRel|x64
		{47E4F767-0186-3E84-AE1D-29D6E10B94F9}.MinSizeRel|x64.Build.0 = MinSizeRel|x64
		{47E4F767-0186-3E84-AE1D-29D6E10B94F9}.RelWithDebInfo|x64.ActiveCfg = RelWithDebInfo|x64
		{47E4F767-0186-3E84-AE1D-29D6E10B94F9}.RelWithDebInfo|x64.Build.0 = RelWithDebInfo|x64
		{82A9B006-3C1E-3084-BE65-4F5D772071FA}.Debug|x64.ActiveCfg = Debug|x64
		{82A9B006-3C1E-3084-BE65-4F5D772071FA}.Debug|x64.Build.0 = Debug|x64
		{82A9B006-3C1E-3084-BE65-4F5D772071FA}.Release|x64.ActiveCfg = Release|x64
		{82A9B006-3C1E-3084-BE65-4F5D772071FA}.Release|x64.Build.0 = Release|x64
		{82A9B006-3C1E-3084-BE65-4F5D772071FA}.MinSizeRel|x64.ActiveCfg = MinSizeRel|x64
		{82A9B006-3C1E-3084-BE65-4F5D772071FA}.MinSizeRel|x64.Build.0 = MinSizeRel|x64
		{82A9B006-3C1E-3084-BE65-4F5D772071FA}.RelWithDebInfo|x64.ActiveCfg = RelWithDebInfo|x64
		{82A9B006-3C1E-3084-BE65-4F5D772071FA}.RelWithDebInfo|x64.Build.0 = RelWithDebInfo|x64
		{2239E06E-C8A2-3050-9FF5-C3F7DC454505}.Debug|x64.ActiveCfg = Debug|x64
		{2239E06E-C8A2-3050-9FF5-C3F7DC454505}.Debug|x64.Build.0 = Debug|x64
		{2239E06E-C8A2-3050-9FF5-C3F7DC454505}.Release|x64.ActiveCfg = Release|x64
		{2239E06E-C8A2-3050-9FF5-C3F7DC454505}.Release|x64.Build.0 = Release|x64
		{2239E06E-C8A2-3050-9FF5-C3F7DC454505}.MinSizeRel|x64.ActiveCfg = MinSizeRel|x64
		{2239E06E-C8A2-3050-9FF5-C3F7DC454505}.MinSizeRel|x64.Build.0 = MinSizeRel|x64
		{2239E06E-C8A2-3050-9FF5-C3F7DC454505}.RelWithDebInfo|x64.ActiveCfg = RelWithDebInfo|x64
		{2239E06E-C8A2-3050-9FF5-C3F7DC454505}.RelWithDebInfo|x64.Build.0 = RelWithDebInfo|x64
		{7A58E23A-A265-38CC-9244-CA088140D9AA}.Debug|x64.ActiveCfg = Debug|x64
		{7A58E23A-A265-38CC-9244-CA088140D9AA}.Debug|x64.Build.0 = Debug|x64
		{7A58E23A-A265-38CC-9244-CA088140D9AA}.Release|x64.ActiveCfg = Release|x64
		{7A58E23A-A265-38CC-9244-CA088140D9AA}.Release|x64.Build.0 = Release|x64
		{7A58E23A-A265-38CC-9244-CA088140D9AA}.MinSizeRel|x64.ActiveCfg = MinSizeRel|x64
		{7A58E23A-A265-38CC-9244-CA088140D9AA}.MinSizeRel|x64.Build.0 = MinSizeRel|x64
		{7A58E23A-A265-38CC-9244-CA088140D9AA}.RelWithDebInfo|x64.ActiveCfg = RelWithDebInfo|x64
		{7A58E23A-A265-38CC-9244-CA088140D9AA}.RelWithDebInfo|x64.Build.0 = RelWithDebInfo|x64
		{20E93AC0-7A34-3272-8BEF-D9C43B6A309A}.Debug|x64.ActiveCfg = Debug|x64
		{20E93AC0-7A34-3272-8BEF-D9C43B6A309A}.Debug|x64.Build.0 = Debug|x64
		{20E93AC0-7A34-3272-8BEF-D9C43B6A309A}.Release|x64.ActiveCfg = Release|x64
		{20E93AC0-7A34-3272-8BEF-D9C43B6A309A}.Release|x64.Build.0 = Release|x64
		{20E93AC0-7A34-3272-8BEF-D9C43B6A309A}.MinSizeRel|x64.ActiveCfg = MinSizeRel|x64
		{20E93AC0-7A34-3272-8BEF-D9C43B6A309A}.MinSizeRel|x64.Build.0 = MinSizeRel|x64
		{20E93AC0-7A34-3272-8BEF-D9C43B6A309A}.RelWithDebInfo|x64.ActiveCfg = RelWithDebInfo|x64
		{20E93AC0-7A34-3272-8BEF-D9C43B6A309A}.RelWithDebInfo|x64.Build.0 = RelWithDebInfo|x64
		{A0034038-D4DB-3681-A74A-11EF4CD5C2D0}.Debug|x64.ActiveCfg = Debug|x64
		{A0034038-D4DB-3681-A74A-11EF4CD5C2D0}.Debug|x64.Build.0 = Debug|x64
		{A0034038-D4DB-3681-A74A-11EF4CD5C2D0}.Release|x64.ActiveCfg = Release|x64
		{A0034038-D4DB-3681-A74A-11EF4CD5C2D0}.Release|x64.Build.0 = Release|x64
		{A0034038-D4DB-3681-A74A-11EF4CD5C2D0}.MinSizeRel|x64.ActiveCfg = MinSizeRel|x64
		{A0034038-D4DB-3681-A74A-11EF4CD5C2D0}.MinSizeRel|x64.Build.0 = MinSizeRel|x64
		{A0034038-D4DB-3681-A74A-11EF4CD5C2D0}.RelWithDebInfo|x64.ActiveCfg = RelWithDebInfo|x64
		{A0034038-D4DB-3681-A74A-11EF4CD5C2D0}.RelWithDebInfo|x64.Build.0 = RelWithDebInfo|x64
		{079864B8-0A1B-3DEE-86AF-1ADD569FCF27}.Debug|x64.ActiveCfg = Debug|x64
		{079864B8-0A1B-3DEE-86AF-1ADD569FCF27}.Debug|x64.Build.0 = Debug|x64
		{079864B8-0A1B-3DEE-86AF-1ADD569FCF27}.Release|x64.ActiveCfg = Release|x64
		{079864B8-0A1B-3DEE-86AF-1ADD569FCF27}.Release|x64.Build.0 = Release|x64
		{079864B8-0A1B-3DEE-86AF-1ADD569FCF27}.MinSizeRel|x64.ActiveCfg = MinSizeRel|x64
		{079864B8-0A1B-3DEE-86AF-1ADD569FCF27}.MinSizeRel|x64.Build.0 = MinSizeRel|x64
		{079864B8-0A1B-3DEE-86AF-1ADD569FCF27}.RelWithDebInfo|x64.ActiveCfg = RelWithDebInfo|x64
		{079864B8-0A1B-3DEE-86AF-1ADD569FCF27}.RelWithDebInfo|x64.Build.0 = RelWithDebInfo|x64
	EndGlobalSection
	GlobalSection(ExtensibilityGlobals) = postSolution
		SolutionGuid = {82F68FDE-23EC-3072-9BBF-50ED1EFDBBDD}
	EndGlobalSection
	GlobalSection(ExtensibilityAddIns) = postSolution
	EndGlobalSection
EndGlobal
